// !$*UTF8*$!
{
	archiveVersion = 1;
	classes = {
	};
	objectVersion = 48;
	objects = {

/* Begin PBXBuildFile section */
		EFBB874520484A5B008F45B6 /* AppDelegate.swift in Sources */ = {isa = PBXBuildFile; fileRef = EFBB874420484A5B008F45B6 /* AppDelegate.swift */; };
		EFBB874C20484A5B008F45B6 /* Assets.xcassets in Resources */ = {isa = PBXBuildFile; fileRef = EFBB874B20484A5B008F45B6 /* Assets.xcassets */; };
		EFBB874F20484A5B008F45B6 /* LaunchScreen.storyboard in Resources */ = {isa = PBXBuildFile; fileRef = EFBB874D20484A5B008F45B6 /* LaunchScreen.storyboard */; };
		EFBB875B20484AE4008F45B6 /* RestApiManager.swift in Sources */ = {isa = PBXBuildFile; fileRef = EFBB875A20484AE4008F45B6 /* RestApiManager.swift */; };
		EFBB875E20484BE1008F45B6 /* User.swift in Sources */ = {isa = PBXBuildFile; fileRef = EFBB875D20484BE1008F45B6 /* User.swift */; };
		EFBB87622048554C008F45B6 /* HomeViewController.xib in Resources */ = {isa = PBXBuildFile; fileRef = EFBB87602048554B008F45B6 /* HomeViewController.xib */; };
		EFBB87632048554C008F45B6 /* HomeViewController.swift in Sources */ = {isa = PBXBuildFile; fileRef = EFBB87612048554B008F45B6 /* HomeViewController.swift */; };
		EFBB8766204855BC008F45B6 /* UserDetailsCell.swift in Sources */ = {isa = PBXBuildFile; fileRef = EFBB8764204855BC008F45B6 /* UserDetailsCell.swift */; };
		EFBB8767204855BC008F45B6 /* UserDetailsCell.xib in Resources */ = {isa = PBXBuildFile; fileRef = EFBB8765204855BC008F45B6 /* UserDetailsCell.xib */; };
		EFBB876A2048594F008F45B6 /* UIImageView+Url.swift in Sources */ = {isa = PBXBuildFile; fileRef = EFBB87692048594F008F45B6 /* UIImageView+Url.swift */; };
		EFBB876E20486050008F45B6 /* UserDetailsViewController.swift in Sources */ = {isa = PBXBuildFile; fileRef = EFBB876C20486050008F45B6 /* UserDetailsViewController.swift */; };
		EFBB876F20486050008F45B6 /* UserDetailsViewController.xib in Resources */ = {isa = PBXBuildFile; fileRef = EFBB876D20486050008F45B6 /* UserDetailsViewController.xib */; };
/* End PBXBuildFile section */

/* Begin PBXFileReference section */
		EFBB874120484A5B008F45B6 /* iOS_Test.app */ = {isa = PBXFileReference; explicitFileType = wrapper.application; includeInIndex = 0; path = iOS_Test.app; sourceTree = BUILT_PRODUCTS_DIR; };
		EFBB874420484A5B008F45B6 /* AppDelegate.swift */ = {isa = PBXFileReference; lastKnownFileType = sourcecode.swift; path = AppDelegate.swift; sourceTree = "<group>"; };
		EFBB874B20484A5B008F45B6 /* Assets.xcassets */ = {isa = PBXFileReference; lastKnownFileType = folder.assetcatalog; path = Assets.xcassets; sourceTree = "<group>"; };
		EFBB874E20484A5B008F45B6 /* Base */ = {isa = PBXFileReference; lastKnownFileType = file.storyboard; name = Base; path = Base.lproj/LaunchScreen.storyboard; sourceTree = "<group>"; };
		EFBB875020484A5B008F45B6 /* Info.plist */ = {isa = PBXFileReference; lastKnownFileType = text.plist.xml; path = Info.plist; sourceTree = "<group>"; };
		EFBB875A20484AE4008F45B6 /* RestApiManager.swift */ = {isa = PBXFileReference; fileEncoding = 4; lastKnownFileType = sourcecode.swift; path = RestApiManager.swift; sourceTree = "<group>"; };
		EFBB875D20484BE1008F45B6 /* User.swift */ = {isa = PBXFileReference; lastKnownFileType = sourcecode.swift; path = User.swift; sourceTree = "<group>"; };
		EFBB87602048554B008F45B6 /* HomeViewController.xib */ = {isa = PBXFileReference; fileEncoding = 4; lastKnownFileType = file.xib; path = HomeViewController.xib; sourceTree = "<group>"; };
		EFBB87612048554B008F45B6 /* HomeViewController.swift */ = {isa = PBXFileReference; fileEncoding = 4; lastKnownFileType = sourcecode.swift; path = HomeViewController.swift; sourceTree = "<group>"; };
		EFBB8764204855BC008F45B6 /* UserDetailsCell.swift */ = {isa = PBXFileReference; lastKnownFileType = sourcecode.swift; path = UserDetailsCell.swift; sourceTree = "<group>"; };
		EFBB8765204855BC008F45B6 /* UserDetailsCell.xib */ = {isa = PBXFileReference; lastKnownFileType = file.xib; path = UserDetailsCell.xib; sourceTree = "<group>"; };
		EFBB87692048594F008F45B6 /* UIImageView+Url.swift */ = {isa = PBXFileReference; fileEncoding = 4; lastKnownFileType = sourcecode.swift; path = "UIImageView+Url.swift"; sourceTree = "<group>"; };
		EFBB876C20486050008F45B6 /* UserDetailsViewController.swift */ = {isa = PBXFileReference; lastKnownFileType = sourcecode.swift; path = UserDetailsViewController.swift; sourceTree = "<group>"; };
		EFBB876D20486050008F45B6 /* UserDetailsViewController.xib */ = {isa = PBXFileReference; lastKnownFileType = file.xib; path = UserDetailsViewController.xib; sourceTree = "<group>"; };
/* End PBXFileReference section */

/* Begin PBXFrameworksBuildPhase section */
		EFBB873E20484A5B008F45B6 /* Frameworks */ = {
			isa = PBXFrameworksBuildPhase;
			buildActionMask = 2147483647;
			files = (
			);
			runOnlyForDeploymentPostprocessing = 0;
		};
/* End PBXFrameworksBuildPhase section */

/* Begin PBXGroup section */
		EFBB873820484A5B008F45B6 = {
			isa = PBXGroup;
			children = (
				EFBB874320484A5B008F45B6 /* iOS_Test */,
				EFBB874220484A5B008F45B6 /* Products */,
			);
			sourceTree = "<group>";
		};
		EFBB874220484A5B008F45B6 /* Products */ = {
			isa = PBXGroup;
			children = (
				EFBB874120484A5B008F45B6 /* iOS_Test.app */,
			);
			name = Products;
			sourceTree = "<group>";
		};
		EFBB874320484A5B008F45B6 /* iOS_Test */ = {
			isa = PBXGroup;
			children = (
				EFBB874420484A5B008F45B6 /* AppDelegate.swift */,
				EFBB875F2048554B008F45B6 /* Home */,
				EFBB876B20486036008F45B6 /* UserDetails */,
				EFBB875C20484BD2008F45B6 /* Model */,
				EFBB87682048594F008F45B6 /* Extensions */,
				EFBB875A20484AE4008F45B6 /* RestApiManager.swift */,
				EFBB874B20484A5B008F45B6 /* Assets.xcassets */,
				EFBB874D20484A5B008F45B6 /* LaunchScreen.storyboard */,
				EFBB875020484A5B008F45B6 /* Info.plist */,
			);
			path = iOS_Test;
			sourceTree = "<group>";
		};
		EFBB875C20484BD2008F45B6 /* Model */ = {
			isa = PBXGroup;
			children = (
				EFBB875D20484BE1008F45B6 /* User.swift */,
			);
			path = Model;
			sourceTree = "<group>";
		};
		EFBB875F2048554B008F45B6 /* Home */ = {
			isa = PBXGroup;
			children = (
				EFBB87612048554B008F45B6 /* HomeViewController.swift */,
				EFBB87602048554B008F45B6 /* HomeViewController.xib */,
				EFBB8764204855BC008F45B6 /* UserDetailsCell.swift */,
				EFBB8765204855BC008F45B6 /* UserDetailsCell.xib */,
			);
			path = Home;
			sourceTree = "<group>";
		};
		EFBB87682048594F008F45B6 /* Extensions */ = {
			isa = PBXGroup;
			children = (
				EFBB87692048594F008F45B6 /* UIImageView+Url.swift */,
			);
			path = Extensions;
			sourceTree = "<group>";
		};
		EFBB876B20486036008F45B6 /* UserDetails */ = {
			isa = PBXGroup;
			children = (
				EFBB876C20486050008F45B6 /* UserDetailsViewController.swift */,
				EFBB876D20486050008F45B6 /* UserDetailsViewController.xib */,
			);
			path = UserDetails;
			sourceTree = "<group>";
		};
/* End PBXGroup section */

/* Begin PBXNativeTarget section */
		EFBB874020484A5B008F45B6 /* iOS_Test */ = {
			isa = PBXNativeTarget;
			buildConfigurationList = EFBB875320484A5B008F45B6 /* Build configuration list for PBXNativeTarget "iOS_Test" */;
			buildPhases = (
				EFBB873D20484A5B008F45B6 /* Sources */,
				EFBB873E20484A5B008F45B6 /* Frameworks */,
				EFBB873F20484A5B008F45B6 /* Resources */,
			);
			buildRules = (
			);
			dependencies = (
			);
			name = iOS_Test;
			productName = iOS_Test;
			productReference = EFBB874120484A5B008F45B6 /* iOS_Test.app */;
			productType = "com.apple.product-type.application";
		};
/* End PBXNativeTarget section */

/* Begin PBXProject section */
		EFBB873920484A5B008F45B6 /* Project object */ = {
			isa = PBXProject;
			attributes = {
				LastSwiftUpdateCheck = 0910;
				LastUpgradeCheck = 0910;
				ORGANIZATIONNAME = "Bogdan Prisacara";
				TargetAttributes = {
					EFBB874020484A5B008F45B6 = {
						CreatedOnToolsVersion = 9.1;
						ProvisioningStyle = Automatic;
					};
				};
			};
			buildConfigurationList = EFBB873C20484A5B008F45B6 /* Build configuration list for PBXProject "iOS_Test" */;
			compatibilityVersion = "Xcode 8.0";
			developmentRegion = en;
			hasScannedForEncodings = 0;
			knownRegions = (
				en,
				Base,
			);
			mainGroup = EFBB873820484A5B008F45B6;
			productRefGroup = EFBB874220484A5B008F45B6 /* Products */;
			projectDirPath = "";
			projectRoot = "";
			targets = (
				EFBB874020484A5B008F45B6 /* iOS_Test */,
			);
		};
/* End PBXProject section */

/* Begin PBXResourcesBuildPhase section */
		EFBB873F20484A5B008F45B6 /* Resources */ = {
			isa = PBXResourcesBuildPhase;
			buildActionMask = 2147483647;
			files = (
				EFBB876F20486050008F45B6 /* UserDetailsViewController.xib in Resources */,
				EFBB874F20484A5B008F45B6 /* LaunchScreen.storyboard in Resources */,
				EFBB8767204855BC008F45B6 /* UserDetailsCell.xib in Resources */,
				EFBB874C20484A5B008F45B6 /* Assets.xcassets in Resources */,
				EFBB87622048554C008F45B6 /* HomeViewController.xib in Resources */,
			);
			runOnlyForDeploymentPostprocessing = 0;
		};
/* End PBXResourcesBuildPhase section */

/* Begin PBXSourcesBuildPhase section */
		EFBB873D20484A5B008F45B6 /* Sources */ = {
			isa = PBXSourcesBuildPhase;
			buildActionMask = 2147483647;
			files = (
				EFBB8766204855BC008F45B6 /* UserDetailsCell.swift in Sources */,
				EFBB87632048554C008F45B6 /* HomeViewController.swift in Sources */,
				EFBB876A2048594F008F45B6 /* UIImageView+Url.swift in Sources */,
				EFBB875E20484BE1008F45B6 /* User.swift in Sources */,
				EFBB876E20486050008F45B6 /* UserDetailsViewController.swift in Sources */,
				EFBB874520484A5B008F45B6 /* AppDelegate.swift in Sources */,
				EFBB875B20484AE4008F45B6 /* RestApiManager.swift in Sources */,
			);
			runOnlyForDeploymentPostprocessing = 0;
		};
/* End PBXSourcesBuildPhase section */

/* Begin PBXVariantGroup section */
		EFBB874D20484A5B008F45B6 /* LaunchScreen.storyboard */ = {
			isa = PBXVariantGroup;
			children = (
				EFBB874E20484A5B008F45B6 /* Base */,
			);
			name = LaunchScreen.storyboard;
			sourceTree = "<group>";
		};
/* End PBXVariantGroup section */

/* Begin XCBuildConfiguration section */
		EFBB875120484A5B008F45B6 /* Debug */ = {
			isa = XCBuildConfiguration;
			buildSettings = {
				ALWAYS_SEARCH_USER_PATHS = NO;
				CLANG_ANALYZER_NONNULL = YES;
				CLANG_ANALYZER_NUMBER_OBJECT_CONVERSION = YES_AGGRESSIVE;
				CLANG_CXX_LANGUAGE_STANDARD = "gnu++14";
				CLANG_CXX_LIBRARY = "libc++";
				CLANG_ENABLE_MODULES = YES;
				CLANG_ENABLE_OBJC_ARC = YES;
				CLANG_WARN_BLOCK_CAPTURE_AUTORELEASING = YES;
				CLANG_WARN_BOOL_CONVERSION = YES;
				CLANG_WARN_COMMA = YES;
				CLANG_WARN_CONSTANT_CONVERSION = YES;
				CLANG_WARN_DIRECT_OBJC_ISA_USAGE = YES_ERROR;
				CLANG_WARN_DOCUMENTATION_COMMENTS = YES;
				CLANG_WARN_EMPTY_BODY = YES;
				CLANG_WARN_ENUM_CONVERSION = YES;
				CLANG_WARN_INFINITE_RECURSION = YES;
				CLANG_WARN_INT_CONVERSION = YES;
				CLANG_WARN_NON_LITERAL_NULL_CONVERSION = YES;
				CLANG_WARN_OBJC_LITERAL_CONVERSION = YES;
				CLANG_WARN_OBJC_ROOT_CLASS = YES_ERROR;
				CLANG_WARN_RANGE_LOOP_ANALYSIS = YES;
				CLANG_WARN_STRICT_PROTOTYPES = YES;
				CLANG_WARN_SUSPICIOUS_MOVE = YES;
				CLANG_WARN_UNGUARDED_AVAILABILITY = YES_AGGRESSIVE;
				CLANG_WARN_UNREACHABLE_CODE = YES;
				CLANG_WARN__DUPLICATE_METHOD_MATCH = YES;
				CODE_SIGN_IDENTITY = "iPhone Developer";
				COPY_PHASE_STRIP = NO;
				DEBUG_INFORMATION_FORMAT = dwarf;
				ENABLE_STRICT_OBJC_MSGSEND = YES;
				ENABLE_TESTABILITY = YES;
				GCC_C_LANGUAGE_STANDARD = gnu11;
				GCC_DYNAMIC_NO_PIC = NO;
				GCC_NO_COMMON_BLOCKS = YES;
				GCC_OPTIMIZATION_LEVEL = 0;
				GCC_PREPROCESSOR_DEFINITIONS = (
					"DEBUG=1",
					"$(inherited)",
				);
				GCC_WARN_64_TO_32_BIT_CONVERSION = YES;
				GCC_WARN_ABOUT_RETURN_TYPE = YES_ERROR;
				GCC_WARN_UNDECLARED_SELECTOR = YES;
				GCC_WARN_UNINITIALIZED_AUTOS = YES_AGGRESSIVE;
				GCC_WARN_UNUSED_FUNCTION = YES;
				GCC_WARN_UNUSED_VARIABLE = YES;
				IPHONEOS_DEPLOYMENT_TARGET = 10.0;
				MTL_ENABLE_DEBUG_INFO = YES;
				ONLY_ACTIVE_ARCH = YES;
				SDKROOT = iphoneos;
				SWIFT_ACTIVE_COMPILATION_CONDITIONS = DEBUG;
				SWIFT_OPTIMIZATION_LEVEL = "-Onone";
			};
			name = Debug;
		};
		EFBB875220484A5B008F45B6 /* Release */ = {
			isa = XCBuildConfiguration;
			buildSettings = {
				ALWAYS_SEARCH_USER_PATHS = NO;
				CLANG_ANALYZER_NONNULL = YES;
				CLANG_ANALYZER_NUMBER_OBJECT_CONVERSION = YES_AGGRESSIVE;
				CLANG_CXX_LANGUAGE_STANDARD = "gnu++14";
				CLANG_CXX_LIBRARY = "libc++";
				CLANG_ENABLE_MODULES = YES;
				CLANG_ENABLE_OBJC_ARC = YES;
				CLANG_WARN_BLOCK_CAPTURE_AUTORELEASING = YES;
				CLANG_WARN_BOOL_CONVERSION = YES;
				CLANG_WARN_COMMA = YES;
				CLANG_WARN_CONSTANT_CONVERSION = YES;
				CLANG_WARN_DIRECT_OBJC_ISA_USAGE = YES_ERROR;
				CLANG_WARN_DOCUMENTATION_COMMENTS = YES;
				CLANG_WARN_EMPTY_BODY = YES;
				CLANG_WARN_ENUM_CONVERSION = YES;
				CLANG_WARN_INFINITE_RECURSION = YES;
				CLANG_WARN_INT_CONVERSION = YES;
				CLANG_WARN_NON_LITERAL_NULL_CONVERSION = YES;
				CLANG_WARN_OBJC_LITERAL_CONVERSION = YES;
				CLANG_WARN_OBJC_ROOT_CLASS = YES_ERROR;
				CLANG_WARN_RANGE_LOOP_ANALYSIS = YES;
				CLANG_WARN_STRICT_PROTOTYPES = YES;
				CLANG_WARN_SUSPICIOUS_MOVE = YES;
				CLANG_WARN_UNGUARDED_AVAILABILITY = YES_AGGRESSIVE;
				CLANG_WARN_UNREACHABLE_CODE = YES;
				CLANG_WARN__DUPLICATE_METHOD_MATCH = YES;
				CODE_SIGN_IDENTITY = "iPhone Developer";
				COPY_PHASE_STRIP = NO;
				DEBUG_INFORMATION_FORMAT = "dwarf-with-dsym";
				ENABLE_NS_ASSERTIONS = NO;
				ENABLE_STRICT_OBJC_MSGSEND = YES;
				GCC_C_LANGUAGE_STANDARD = gnu11;
				GCC_NO_COMMON_BLOCKS = YES;
				GCC_WARN_64_TO_32_BIT_CONVERSION = YES;
				GCC_WARN_ABOUT_RETURN_TYPE = YES_ERROR;
				GCC_WARN_UNDECLARED_SELECTOR = YES;
				GCC_WARN_UNINITIALIZED_AUTOS = YES_AGGRESSIVE;
				GCC_WARN_UNUSED_FUNCTION = YES;
				GCC_WARN_UNUSED_VARIABLE = YES;
				IPHONEOS_DEPLOYMENT_TARGET = 10.0;
				MTL_ENABLE_DEBUG_INFO = NO;
				SDKROOT = iphoneos;
				SWIFT_OPTIMIZATION_LEVEL = "-Owholemodule";
				VALIDATE_PRODUCT = YES;
			};
			name = Release;
		};
		EFBB875420484A5B008F45B6 /* Debug */ = {
			isa = XCBuildConfiguration;
			buildSettings = {
				ASSETCATALOG_COMPILER_APPICON_NAME = AppIcon;
				CODE_SIGN_STYLE = Automatic;
				INFOPLIST_FILE = iOS_Test/Info.plist;
				LD_RUNPATH_SEARCH_PATHS = "$(inherited) @executable_path/Frameworks";
				PRODUCT_BUNDLE_IDENTIFIER = "com.test.iOS-Test";
				PRODUCT_NAME = "$(TARGET_NAME)";
				SWIFT_VERSION = 4.0;
				TARGETED_DEVICE_FAMILY = "1,2";
			};
			name = Debug;
		};
		EFBB875520484A5B008F45B6 /* Release */ = {
			isa = XCBuildConfiguration;
			buildSettings = {
				ASSETCATALOG_COMPILER_APPICON_NAME = AppIcon;
				CODE_SIGN_STYLE = Automatic;
				INFOPLIST_FILE = iOS_Test/Info.plist;
				LD_RUNPATH_SEARCH_PATHS = "$(inherited) @executable_path/Frameworks";
				PRODUCT_BUNDLE_IDENTIFIER = "com.test.iOS-Test";
				PRODUCT_NAME = "$(TARGET_NAME)";
				SWIFT_VERSION = 4.0;
				TARGETED_DEVICE_FAMILY = "1,2";
			};
			name = Release;
		};
/* End XCBuildConfiguration section */

/* Begin XCConfigurationList section */
		EFBB873C20484A5B008F45B6 /* Build configuration list for PBXProject "iOS_Test" */ = {
			isa = XCConfigurationList;
			buildConfigurations = (
				EFBB875120484A5B008F45B6 /* Debug */,
				EFBB875220484A5B008F45B6 /* Release */,
			);
			defaultConfigurationIsVisible = 0;
			defaultConfigurationName = Release;
		};
		EFBB875320484A5B008F45B6 /* Build configuration list for PBXNativeTarget "iOS_Test" */ = {
			isa = XCConfigurationList;
			buildConfigurations = (
				EFBB875420484A5B008F45B6 /* Debug */,
				EFBB875520484A5B008F45B6 /* Release */,
			);
			defaultConfigurationIsVisible = 0;
			defaultConfigurationName = Release;
		};
/* End XCConfigurationList section */
	};
	rootObject = EFBB873920484A5B008F45B6 /* Project object */;
}
